
Microsoft Visual Studio Solution File, Format Version 12.00
# Visual Studio Version 16
VisualStudioVersion = 16.0.30717.126
MinimumVisualStudioVersion = 10.0.40219.1
Project("{9A19103F-16F7-4668-BE54-9A1E7A4F7556}") = "Hahn.ApplicationProcess.February2021.Data", "Hahn.ApplicationProcess.February2021.Data\Hahn.ApplicationProcess.February2021.Data.csproj", "{F200D04D-299C-4373-BA27-8DA680365D6B}"
EndProject
Project("{9A19103F-16F7-4668-BE54-9A1E7A4F7556}") = "Hahn.ApplicationProcess.February2021.Web", "Hahn.ApplicationProcess.February2021.Web\Hahn.ApplicationProcess.February2021.Web.csproj", "{7A95E182-D9DD-4AFE-9E7B-ECBFF2E93857}"
EndProject
Project("{9A19103F-16F7-4668-BE54-9A1E7A4F7556}") = "Hahn.ApplicationProcess.February2021.Domain", "Hahn.ApplicationProcess.February2021.Domain\Hahn.ApplicationProcess.February2021.Domain.csproj", "{5123B4B5-E7EA-4D4F-B59B-037CD039FDD6}"
EndProject
Project("{9A19103F-16F7-4668-BE54-9A1E7A4F7556}") = "Hahn.ApplicationProcess.February2021.Test", "Hahn.ApplicationProcess.February2021.Test\Hahn.ApplicationProcess.February2021.Test.csproj", "{4C934D59-1DA5-40EA-97F5-852386C6C875}"
EndProject
Global
	GlobalSection(SolutionConfigurationPlatforms) = preSolution
		Debug|Any CPU = Debug|Any CPU
		Release|Any CPU = Release|Any CPU
	EndGlobalSection
	GlobalSection(ProjectConfigurationPlatforms) = postSolution
		{F200D04D-299C-4373-BA27-8DA680365D6B}.Debug|Any CPU.ActiveCfg = Debug|Any CPU
		{F200D04D-299C-4373-BA27-8DA680365D6B}.Debug|Any CPU.Build.0 = Debug|Any CPU
		{F200D04D-299C-4373-BA27-8DA680365D6B}.Release|Any CPU.ActiveCfg = Release|Any CPU
		{F200D04D-299C-4373-BA27-8DA680365D6B}.Release|Any CPU.Build.0 = Release|Any CPU
		{7A95E182-D9DD-4AFE-9E7B-ECBFF2E93857}.Debug|Any CPU.ActiveCfg = Debug|Any CPU
		{7A95E182-D9DD-4AFE-9E7B-ECBFF2E93857}.Debug|Any CPU.Build.0 = Debug|Any CPU
		{7A95E182-D9DD-4AFE-9E7B-ECBFF2E93857}.Release|Any CPU.ActiveCfg = Release|Any CPU
		{7A95E182-D9DD-4AFE-9E7B-ECBFF2E93857}.Release|Any CPU.Build.0 = Release|Any CPU
		{5123B4B5-E7EA-4D4F-B59B-037CD039FDD6}.Debug|Any CPU.ActiveCfg = Debug|Any CPU
		{5123B4B5-E7EA-4D4F-B59B-037CD039FDD6}.Debug|Any CPU.Build.0 = Debug|Any CPU
		{5123B4B5-E7EA-4D4F-B59B-037CD039FDD6}.Release|Any CPU.ActiveCfg = Release|Any CPU
		{5123B4B5-E7EA-4D4F-B59B-037CD039FDD6}.Release|Any CPU.Build.0 = Release|Any CPU
		{4C934D59-1DA5-40EA-97F5-852386C6C875}.Debug|Any CPU.ActiveCfg = Debug|Any CPU
		{4C934D59-1DA5-40EA-97F5-852386C6C875}.Debug|Any CPU.Build.0 = Debug|Any CPU
		{4C934D59-1DA5-40EA-97F5-852386C6C875}.Release|Any CPU.ActiveCfg = Release|Any CPU
		{4C934D59-1DA5-40EA-97F5-852386C6C875}.Release|Any CPU.Build.0 = Release|Any CPU
	EndGlobalSection
	GlobalSection(SolutionProperties) = preSolution
		HideSolutionNode = FALSE
	EndGlobalSection
	GlobalSection(ExtensibilityGlobals) = postSolution
		SolutionGuid = {5B933290-7A00-4409-87EA-3F73BF8C8CFF}
	EndGlobalSection
EndGlobal
